<?xml version="1.0" encoding="utf-8"?>
<Project ToolsVersion="4.0" xmlns="http://schemas.microsoft.com/developer/msbuild/2003">
  <ItemGroup>
    <Filter Include="Header Files">
      <UniqueIdentifier>{93995380-89BD-4b04-88EB-625FBE52EBFB}</UniqueIdentifier>
      <Extensions>h;hpp;hxx;hm;inl;inc;xsd</Extensions>
    </Filter>
    <Filter Include="Source Files">
      <UniqueIdentifier>{4FC737F1-C7A5-4376-A066-2A32D752A2FF}</UniqueIdentifier>
      <Extensions>cpp;c;cc;cxx;def;odl;idl;hpj;bat;asm;asmx</Extensions>
    </Filter>
  </ItemGroup>
  <ItemGroup>
    <ClInclude Include="assert.h">
      <Filter>Header Files</Filter>
    </ClInclude>
    <ClInclude Include="cHand.h">
      <Filter>Header Files</Filter>
    </ClInclude>
    <ClInclude Include="clientMessages.h">
      <Filter>Header Files</Filter>
    </ClInclude>
    <ClInclude Include="cNetworkManager.h">
      <Filter>Header Files</Filter>
    </ClInclude>
    <ClInclude Include="cPokerGame.h">
      <Filter>Header Files</Filter>
    </ClInclude>
    <ClInclude Include="cPokerPlayer.h">
      <Filter>Header Files</Filter>
    </ClInclude>
    <ClInclude Include="cPokerServerProtocol.h">
      <Filter>Header Files</Filter>
    </ClInclude>
    <ClInclude Include="duplexMessages.h">
      <Filter>Header Files</Filter>
    </ClInclude>
    <ClInclude Include="iNetMessage.h">
      <Filter>Header Files</Filter>
    </ClInclude>
    <ClInclude Include="iNetworkProtocol.h">
      <Filter>Header Files</Filter>
    </ClInclude>
    <ClInclude Include="netMessages.h">
      <Filter>Header Files</Filter>
    </ClInclude>
    <ClInclude Include="sCard.h">
      <Filter>Header Files</Filter>
    </ClInclude>
    <ClInclude Include="sConnection.h">
      <Filter>Header Files</Filter>
    </ClInclude>
    <ClInclude Include="serverMessages.h">
      <Filter>Header Files</Filter>
    </ClInclude>
  </ItemGroup>
  <ItemGroup>
    <ClCompile Include="cHand.cpp">
      <Filter>Source Files</Filter>
    </ClCompile>
    <ClCompile Include="cNetworkManager.cpp">
      <Filter>Source Files</Filter>
    </ClCompile>
    <ClCompile Include="cPokerGame.cpp">
      <Filter>Source Files</Filter>
    </ClCompile>
    <ClCompile Include="cPokerPlayer.cpp">
      <Filter>Source Files</Filter>
    </ClCompile>
    <ClCompile Include="cPokerServerProtocol.cpp">
      <Filter>Source Files</Filter>
    </ClCompile>
    <ClCompile Include="main.cpp">
      <Filter>Source Files</Filter>
    </ClCompile>
    <ClCompile Include="sConnection.cpp">
      <Filter>Source Files</Filter>
    </ClCompile>
  </ItemGroup>
</Project>